
Microsoft Visual Studio Solution File, Format Version 9.00
# Visual C# Express 2005
Project("{FAE04EC0-301F-11D3-BF4B-00C04F79EFBC}") = "Xenocide", "Xenocide\Xenocide.csproj", "{4CBCAB54-8149-4883-83AC-CE4EFE0B039E}"
EndProject
Project("{FAE04EC0-301F-11D3-BF4B-00C04F79EFBC}") = "CeGui", "Dependancies\CeGui\CeGui\CeGui.csproj", "{41AE7F18-8C96-43E7-98D8-1E9D83081CD6}"
EndProject
Project("{FAE04EC0-301F-11D3-BF4B-00C04F79EFBC}") = "CeGui.Renderers.Xna", "Dependancies\CeGui\CeGui.Renderers.Xna\CeGui.Renderers.Xna.csproj", "{DD297D8C-8046-458C-922C-D69C87044040}"
EndProject
Project("{FAE04EC0-301F-11D3-BF4B-00C04F79EFBC}") = "CeGui.WidgetSets.Taharez", "Dependancies\CeGui\CeGui.WidgetSets.Taharez\CeGui.WidgetSets.Taharez.csproj", "{F2EC7536-1149-43A4-B92B-DCC2BACECCCF}"
EndProject
Project("{FAE04EC0-301F-11D3-BF4B-00C04F79EFBC}") = "Xenocide.Test", "Tests\Xenocide.Test\Xenocide.Test.csproj", "{211AA0F7-38FF-4F3C-8C25-D0AD60768A3B}"
EndProject
Project("{FAE04EC0-301F-11D3-BF4B-00C04F79EFBC}") = "Xenocide.Pipeline", "Xenocide.Pipeline\Xenocide.Pipeline.csproj", "{90FE36F1-4A31-4848-AA5C-088F26056C79}"
EndProject
Global
	GlobalSection(SolutionConfigurationPlatforms) = preSolution
		Debug|Any CPU = Debug|Any CPU
		Debug|Mixed Platforms = Debug|Mixed Platforms
		Debug|x86 = Debug|x86
		Release|Any CPU = Release|Any CPU
		Release|Mixed Platforms = Release|Mixed Platforms
		Release|x86 = Release|x86
	EndGlobalSection
	GlobalSection(ProjectConfigurationPlatforms) = postSolution
		{4CBCAB54-8149-4883-83AC-CE4EFE0B039E}.Debug|Any CPU.ActiveCfg = Debug|x86
		{4CBCAB54-8149-4883-83AC-CE4EFE0B039E}.Debug|Mixed Platforms.ActiveCfg = Debug|x86
		{4CBCAB54-8149-4883-83AC-CE4EFE0B039E}.Debug|Mixed Platforms.Build.0 = Debug|x86
		{4CBCAB54-8149-4883-83AC-CE4EFE0B039E}.Debug|x86.ActiveCfg = Debug|x86
		{4CBCAB54-8149-4883-83AC-CE4EFE0B039E}.Debug|x86.Build.0 = Debug|x86
		{4CBCAB54-8149-4883-83AC-CE4EFE0B039E}.Release|Any CPU.ActiveCfg = Release|x86
		{4CBCAB54-8149-4883-83AC-CE4EFE0B039E}.Release|Mixed Platforms.ActiveCfg = Release|x86
		{4CBCAB54-8149-4883-83AC-CE4EFE0B039E}.Release|Mixed Platforms.Build.0 = Release|x86
		{4CBCAB54-8149-4883-83AC-CE4EFE0B039E}.Release|x86.ActiveCfg = Release|x86
		{4CBCAB54-8149-4883-83AC-CE4EFE0B039E}.Release|x86.Build.0 = Release|x86
		{41AE7F18-8C96-43E7-98D8-1E9D83081CD6}.Debug|Any CPU.ActiveCfg = Debug|Any CPU
		{41AE7F18-8C96-43E7-98D8-1E9D83081CD6}.Debug|Any CPU.Build.0 = Debug|Any CPU
		{41AE7F18-8C96-43E7-98D8-1E9D83081CD6}.Debug|Mixed Platforms.ActiveCfg = Debug|Any CPU
		{41AE7F18-8C96-43E7-98D8-1E9D83081CD6}.Debug|Mixed Platforms.Build.0 = Debug|Any CPU
		{41AE7F18-8C96-43E7-98D8-1E9D83081CD6}.Debug|x86.ActiveCfg = Debug|Any CPU
		{41AE7F18-8C96-43E7-98D8-1E9D83081CD6}.Release|Any CPU.ActiveCfg = Release|Any CPU
		{41AE7F18-8C96-43E7-98D8-1E9D83081CD6}.Release|Any CPU.Build.0 = Release|Any CPU
		{41AE7F18-8C96-43E7-98D8-1E9D83081CD6}.Release|Mixed Platforms.ActiveCfg = Release|Any CPU
		{41AE7F18-8C96-43E7-98D8-1E9D83081CD6}.Release|Mixed Platforms.Build.0 = Release|Any CPU
		{41AE7F18-8C96-43E7-98D8-1E9D83081CD6}.Release|x86.ActiveCfg = Release|Any CPU
		{DD297D8C-8046-458C-922C-D69C87044040}.Debug|Any CPU.ActiveCfg = Debug|x86
		{DD297D8C-8046-458C-922C-D69C87044040}.Debug|Mixed Platforms.ActiveCfg = Debug|x86
		{DD297D8C-8046-458C-922C-D69C87044040}.Debug|Mixed Platforms.Build.0 = Debug|x86
		{DD297D8C-8046-458C-922C-D69C87044040}.Debug|x86.ActiveCfg = Debug|x86
		{DD297D8C-8046-458C-922C-D69C87044040}.Debug|x86.Build.0 = Debug|x86
		{DD297D8C-8046-458C-922C-D69C87044040}.Release|Any CPU.ActiveCfg = Release|x86
		{DD297D8C-8046-458C-922C-D69C87044040}.Release|Mixed Platforms.ActiveCfg = Release|x86
		{DD297D8C-8046-458C-922C-D69C87044040}.Release|Mixed Platforms.Build.0 = Release|x86
		{DD297D8C-8046-458C-922C-D69C87044040}.Release|x86.ActiveCfg = Release|x86
		{DD297D8C-8046-458C-922C-D69C87044040}.Release|x86.Build.0 = Release|x86
		{F2EC7536-1149-43A4-B92B-DCC2BACECCCF}.Debug|Any CPU.ActiveCfg = Debug|Any CPU
		{F2EC7536-1149-43A4-B92B-DCC2BACECCCF}.Debug|Any CPU.Build.0 = Debug|Any CPU
		{F2EC7536-1149-43A4-B92B-DCC2BACECCCF}.Debug|Mixed Platforms.ActiveCfg = Debug|Any CPU
		{F2EC7536-1149-43A4-B92B-DCC2BACECCCF}.Debug|Mixed Platforms.Build.0 = Debug|Any CPU
		{F2EC7536-1149-43A4-B92B-DCC2BACECCCF}.Debug|x86.ActiveCfg = Debug|Any CPU
		{F2EC7536-1149-43A4-B92B-DCC2BACECCCF}.Release|Any CPU.ActiveCfg = Release|Any CPU
		{F2EC7536-1149-43A4-B92B-DCC2BACECCCF}.Release|Any CPU.Build.0 = Release|Any CPU
		{F2EC7536-1149-43A4-B92B-DCC2BACECCCF}.Release|Mixed Platforms.ActiveCfg = Release|Any CPU
		{F2EC7536-1149-43A4-B92B-DCC2BACECCCF}.Release|Mixed Platforms.Build.0 = Release|Any CPU
		{F2EC7536-1149-43A4-B92B-DCC2BACECCCF}.Release|x86.ActiveCfg = Release|Any CPU
		{211AA0F7-38FF-4F3C-8C25-D0AD60768A3B}.Debug|Any CPU.ActiveCfg = Debug|Any CPU
		{211AA0F7-38FF-4F3C-8C25-D0AD60768A3B}.Debug|Any CPU.Build.0 = Debug|Any CPU
		{211AA0F7-38FF-4F3C-8C25-D0AD60768A3B}.Debug|Mixed Platforms.ActiveCfg = Debug|Any CPU
		{211AA0F7-38FF-4F3C-8C25-D0AD60768A3B}.Debug|Mixed Platforms.Build.0 = Debug|Any CPU
		{211AA0F7-38FF-4F3C-8C25-D0AD60768A3B}.Debug|x86.ActiveCfg = Debug|Any CPU
		{211AA0F7-38FF-4F3C-8C25-D0AD60768A3B}.Release|Any CPU.ActiveCfg = Release|Any CPU
		{211AA0F7-38FF-4F3C-8C25-D0AD60768A3B}.Release|Any CPU.Build.0 = Release|Any CPU
		{211AA0F7-38FF-4F3C-8C25-D0AD60768A3B}.Release|Mixed Platforms.ActiveCfg = Release|Any CPU
		{211AA0F7-38FF-4F3C-8C25-D0AD60768A3B}.Release|Mixed Platforms.Build.0 = Release|Any CPU
		{211AA0F7-38FF-4F3C-8C25-D0AD60768A3B}.Release|x86.ActiveCfg = Release|Any CPU
		{90FE36F1-4A31-4848-AA5C-088F26056C79}.Debug|Any CPU.ActiveCfg = Debug|x86
		{90FE36F1-4A31-4848-AA5C-088F26056C79}.Debug|Mixed Platforms.ActiveCfg = Debug|x86
		{90FE36F1-4A31-4848-AA5C-088F26056C79}.Debug|Mixed Platforms.Build.0 = Debug|x86
		{90FE36F1-4A31-4848-AA5C-088F26056C79}.Debug|x86.ActiveCfg = Debug|x86
		{90FE36F1-4A31-4848-AA5C-088F26056C79}.Debug|x86.Build.0 = Debug|x86
		{90FE36F1-4A31-4848-AA5C-088F26056C79}.Release|Any CPU.ActiveCfg = Release|x86
		{90FE36F1-4A31-4848-AA5C-088F26056C79}.Release|Mixed Platforms.ActiveCfg = Release|x86
		{90FE36F1-4A31-4848-AA5C-088F26056C79}.Release|Mixed Platforms.Build.0 = Release|x86
		{90FE36F1-4A31-4848-AA5C-088F26056C79}.Release|x86.ActiveCfg = Release|x86
		{90FE36F1-4A31-4848-AA5C-088F26056C79}.Release|x86.Build.0 = Release|x86
	EndGlobalSection
	GlobalSection(SolutionProperties) = preSolution
		HideSolutionNode = FALSE
	EndGlobalSection
EndGlobal
